# THIS IS AN AUTOGENERATED FILE. DO NOT EDIT THIS FILE DIRECTLY.
# yarn lockfile v1


"@babel/runtime@^7.9.2":
  version "7.19.0"
  resolved "https://registry.yarnpkg.com/@babel/runtime/-/runtime-7.19.0.tgz#22b11c037b094d27a8a2504ea4dcff00f50e2259"
  integrity sha512-eR8Lo9hnDS7tqkO7NsV+mKvCmv5boaXFSZ70DnfhcgiEne8hv9oCEd36Klw74EtizEqLsy4YnW8UWwpBVolHZA==
  dependencies:
    regenerator-runtime "^0.13.4"

redux@^4.2.0:
  version "4.2.0"
  resolved "https://registry.yarnpkg.com/redux/-/redux-4.2.0.tgz#46f10d6e29b6666df758780437651eeb2b969f13"
  integrity sha512-oSBmcKKIuIR4ME29/AeNUnl5L+hvBq7OaJWzaptTQJAntaPvxIJqfnjbaEiCzzaIz+XmVILfqAM3Ob0aXLPfjA==
  dependencies:
    "@babel/runtime" "^7.9.2"

regenerator-runtime@^0.13.4:
  version "0.13.9"
  resolved "https://registry.yarnpkg.com/regenerator-runtime/-/regenerator-runtime-0.13.9.tgz#8925742a98ffd90814988d7566ad30ca3b263b52"
  integrity sha512-p3VT+cOEgxFsRRA9X4lkI1E+k2/CtnKtU4gcxyaCUreilL/vqI6CdZ3wxVUx3UOUg+gnUOQQcRI7BmSI656MYA==
